github.com/replicate/replicate-go v0.23.0 h1:NZs4YVf4KVGK79IZ2OKjoBvrDj7/Hz7RZjBaznEy+Kc=
github.com/replicate/replicate-go v0.23.0/go.mod h1:D2x8SztjeUKcaYnSgVu3H2DechufLJWZJB4+TLA3Rag=
golang.org/x/sync v0.8.0 h1:3NFvSEYkUoMifnESzZl15y791HH1qU2xm6eCJU5ZPXQ=
golang.org/x/sync v0.8.0/go.mod h1:Czt+wKu1gCyEFDUtn0jG5QVvpJ6rzVqr5aXyt9drQfk=
